
Microsoft Visual Studio Solution File, Format Version 12.00
# Visual Studio Version 17
VisualStudioVersion = 17.13.35919.96
MinimumVisualStudioVersion = 10.0.40219.1
Project("{FAE04EC0-301F-11D3-BF4B-00C04F79EFBC}") = "Entities", "Entities\Entities.csproj", "{D303E369-E40F-4152-B4C5-1B9C3E92B6BE}"
EndProject
Project("{FAE04EC0-301F-11D3-BF4B-00C04F79EFBC}") = "Repositories", "Repositories\Repositories.csproj", "{C59A438B-2524-46FA-93C5-42C84F7874C0}"
EndProject
Project("{FAE04EC0-301F-11D3-BF4B-00C04F79EFBC}") = "Services", "Services\Services.csproj", "{370992BD-7B2A-4D65-A4AC-22FECE7DE425}"
EndProject
Project("{FAE04EC0-301F-11D3-BF4B-00C04F79EFBC}") = "TourMateAPI", "TourMateAPI\TourMateAPI.csproj", "{08BB593C-F6DE-BE29-E514-546A06052C28}"
EndProject
Global
	GlobalSection(SolutionConfigurationPlatforms) = preSolution
		Debug|Any CPU = Debug|Any CPU
		Release|Any CPU = Release|Any CPU
	EndGlobalSection
	GlobalSection(ProjectConfigurationPlatforms) = postSolution
		{D303E369-E40F-4152-B4C5-1B9C3E92B6BE}.Debug|Any CPU.ActiveCfg = Debug|Any CPU
		{D303E369-E40F-4152-B4C5-1B9C3E92B6BE}.Debug|Any CPU.Build.0 = Debug|Any CPU
		{D303E369-E40F-4152-B4C5-1B9C3E92B6BE}.Release|Any CPU.ActiveCfg = Release|Any CPU
		{D303E369-E40F-4152-B4C5-1B9C3E92B6BE}.Release|Any CPU.Build.0 = Release|Any CPU
		{C59A438B-2524-46FA-93C5-42C84F7874C0}.Debug|Any CPU.ActiveCfg = Debug|Any CPU
		{C59A438B-2524-46FA-93C5-42C84F7874C0}.Debug|Any CPU.Build.0 = Debug|Any CPU
		{C59A438B-2524-46FA-93C5-42C84F7874C0}.Release|Any CPU.ActiveCfg = Release|Any CPU
		{C59A438B-2524-46FA-93C5-42C84F7874C0}.Release|Any CPU.Build.0 = Release|Any CPU
		{370992BD-7B2A-4D65-A4AC-22FECE7DE425}.Debug|Any CPU.ActiveCfg = Debug|Any CPU
		{370992BD-7B2A-4D65-A4AC-22FECE7DE425}.Debug|Any CPU.Build.0 = Debug|Any CPU
		{370992BD-7B2A-4D65-A4AC-22FECE7DE425}.Release|Any CPU.ActiveCfg = Release|Any CPU
		{370992BD-7B2A-4D65-A4AC-22FECE7DE425}.Release|Any CPU.Build.0 = Release|Any CPU
		{08BB593C-F6DE-BE29-E514-546A06052C28}.Debug|Any CPU.ActiveCfg = Debug|Any CPU
		{08BB593C-F6DE-BE29-E514-546A06052C28}.Debug|Any CPU.Build.0 = Debug|Any CPU
		{08BB593C-F6DE-BE29-E514-546A06052C28}.Release|Any CPU.ActiveCfg = Release|Any CPU
		{08BB593C-F6DE-BE29-E514-546A06052C28}.Release|Any CPU.Build.0 = Release|Any CPU
	EndGlobalSection
	GlobalSection(SolutionProperties) = preSolution
		HideSolutionNode = FALSE
	EndGlobalSection
	GlobalSection(ExtensibilityGlobals) = postSolution
		SolutionGuid = {7F2DCB76-D009-400D-A10C-F3EE88E48B82}
	EndGlobalSection
EndGlobal
