
Microsoft Visual Studio Solution File, Format Version 12.00
# Visual Studio Version 17
VisualStudioVersion = 17.11.35327.3
MinimumVisualStudioVersion = 10.0.40219.1
Project("{FAE04EC0-301F-11D3-BF4B-00C04F79EFBC}") = "TourMate", "TourMate\TourMate.csproj", "{03B511D4-8009-4146-A451-7DA992FF3AE7}"
EndProject
Project("{FAE04EC0-301F-11D3-BF4B-00C04F79EFBC}") = "Repositories", "Repositories\Repositories.csproj", "{C1FB2531-A627-4835-B3B5-836EFF4DB857}"
EndProject
Project("{FAE04EC0-301F-11D3-BF4B-00C04F79EFBC}") = "Services", "Services\Services.csproj", "{6B58AE22-D37F-4993-A570-7B45DC22099B}"
EndProject
Project("{FAE04EC0-301F-11D3-BF4B-00C04F79EFBC}") = "TourMateAPI", "TourMateAPI\TourMateAPI.csproj", "{08BB593C-F6DE-BE29-E514-546A06052C28}"
EndProject
Global
	GlobalSection(SolutionConfigurationPlatforms) = preSolution
		Debug|Any CPU = Debug|Any CPU
		Release|Any CPU = Release|Any CPU
	EndGlobalSection
	GlobalSection(ProjectConfigurationPlatforms) = postSolution
		{03B511D4-8009-4146-A451-7DA992FF3AE7}.Debug|Any CPU.ActiveCfg = Debug|Any CPU
		{03B511D4-8009-4146-A451-7DA992FF3AE7}.Debug|Any CPU.Build.0 = Debug|Any CPU
		{03B511D4-8009-4146-A451-7DA992FF3AE7}.Release|Any CPU.ActiveCfg = Release|Any CPU
		{03B511D4-8009-4146-A451-7DA992FF3AE7}.Release|Any CPU.Build.0 = Release|Any CPU
		{C1FB2531-A627-4835-B3B5-836EFF4DB857}.Debug|Any CPU.ActiveCfg = Debug|Any CPU
		{C1FB2531-A627-4835-B3B5-836EFF4DB857}.Debug|Any CPU.Build.0 = Debug|Any CPU
		{C1FB2531-A627-4835-B3B5-836EFF4DB857}.Release|Any CPU.ActiveCfg = Release|Any CPU
		{C1FB2531-A627-4835-B3B5-836EFF4DB857}.Release|Any CPU.Build.0 = Release|Any CPU
		{6B58AE22-D37F-4993-A570-7B45DC22099B}.Debug|Any CPU.ActiveCfg = Debug|Any CPU
		{6B58AE22-D37F-4993-A570-7B45DC22099B}.Debug|Any CPU.Build.0 = Debug|Any CPU
		{6B58AE22-D37F-4993-A570-7B45DC22099B}.Release|Any CPU.ActiveCfg = Release|Any CPU
		{6B58AE22-D37F-4993-A570-7B45DC22099B}.Release|Any CPU.Build.0 = Release|Any CPU
	EndGlobalSection
	GlobalSection(SolutionProperties) = preSolution
		HideSolutionNode = FALSE
	EndGlobalSection
	GlobalSection(ExtensibilityGlobals) = postSolution
		SolutionGuid = {E79E6991-4290-4404-9A1F-B36AB7672DC3}
	EndGlobalSection
EndGlobal
